
Microsoft Visual Studio Solution File, Format Version 12.00
# Visual Studio 15
VisualStudioVersion = 15.0.26114.2
MinimumVisualStudioVersion = 10.0.40219.1
Project("{FAE04EC0-301F-11D3-BF4B-00C04F79EFBC}") = "VoronoiLib", "VoronoiLib\VoronoiLib.csproj", "{14A2A7D7-BCC2-4C8A-A040-C8C38317D5D5}"
EndProject
Project("{FAE04EC0-301F-11D3-BF4B-00C04F79EFBC}") = "UnitTests", "UnitTests\UnitTests.csproj", "{50C19554-A91B-44F4-BA65-31E239EE9DA9}"
EndProject
Global
	GlobalSection(SolutionConfigurationPlatforms) = preSolution
		Debug|Any CPU = Debug|Any CPU
		Debug|x64 = Debug|x64
		Debug|x86 = Debug|x86
		Release|Any CPU = Release|Any CPU
		Release|x64 = Release|x64
		Release|x86 = Release|x86
	EndGlobalSection
	GlobalSection(ProjectConfigurationPlatforms) = postSolution
		{14A2A7D7-BCC2-4C8A-A040-C8C38317D5D5}.Debug|Any CPU.ActiveCfg = Debug|Any CPU
		{14A2A7D7-BCC2-4C8A-A040-C8C38317D5D5}.Debug|Any CPU.Build.0 = Debug|Any CPU
		{14A2A7D7-BCC2-4C8A-A040-C8C38317D5D5}.Debug|x64.ActiveCfg = Debug|Any CPU
		{14A2A7D7-BCC2-4C8A-A040-C8C38317D5D5}.Debug|x64.Build.0 = Debug|Any CPU
		{14A2A7D7-BCC2-4C8A-A040-C8C38317D5D5}.Debug|x86.ActiveCfg = Debug|Any CPU
		{14A2A7D7-BCC2-4C8A-A040-C8C38317D5D5}.Debug|x86.Build.0 = Debug|Any CPU
		{14A2A7D7-BCC2-4C8A-A040-C8C38317D5D5}.Release|Any CPU.ActiveCfg = Release|Any CPU
		{14A2A7D7-BCC2-4C8A-A040-C8C38317D5D5}.Release|Any CPU.Build.0 = Release|Any CPU
		{14A2A7D7-BCC2-4C8A-A040-C8C38317D5D5}.Release|x64.ActiveCfg = Release|Any CPU
		{14A2A7D7-BCC2-4C8A-A040-C8C38317D5D5}.Release|x64.Build.0 = Release|Any CPU
		{14A2A7D7-BCC2-4C8A-A040-C8C38317D5D5}.Release|x86.ActiveCfg = Release|Any CPU
		{14A2A7D7-BCC2-4C8A-A040-C8C38317D5D5}.Release|x86.Build.0 = Release|Any CPU
		{50C19554-A91B-44F4-BA65-31E239EE9DA9}.Debug|Any CPU.ActiveCfg = Debug|Any CPU
		{50C19554-A91B-44F4-BA65-31E239EE9DA9}.Debug|Any CPU.Build.0 = Debug|Any CPU
		{50C19554-A91B-44F4-BA65-31E239EE9DA9}.Debug|x64.ActiveCfg = Debug|Any CPU
		{50C19554-A91B-44F4-BA65-31E239EE9DA9}.Debug|x64.Build.0 = Debug|Any CPU
		{50C19554-A91B-44F4-BA65-31E239EE9DA9}.Debug|x86.ActiveCfg = Debug|Any CPU
		{50C19554-A91B-44F4-BA65-31E239EE9DA9}.Debug|x86.Build.0 = Debug|Any CPU
		{50C19554-A91B-44F4-BA65-31E239EE9DA9}.Release|Any CPU.ActiveCfg = Release|Any CPU
		{50C19554-A91B-44F4-BA65-31E239EE9DA9}.Release|Any CPU.Build.0 = Release|Any CPU
		{50C19554-A91B-44F4-BA65-31E239EE9DA9}.Release|x64.ActiveCfg = Release|Any CPU
		{50C19554-A91B-44F4-BA65-31E239EE9DA9}.Release|x64.Build.0 = Release|Any CPU
		{50C19554-A91B-44F4-BA65-31E239EE9DA9}.Release|x86.ActiveCfg = Release|Any CPU
		{50C19554-A91B-44F4-BA65-31E239EE9DA9}.Release|x86.Build.0 = Release|Any CPU
	EndGlobalSection
	GlobalSection(SolutionProperties) = preSolution
		HideSolutionNode = FALSE
	EndGlobalSection
EndGlobal
